{
  "requires": true,
  "lockfileVersion": 1,
  "dependencies": {
    "@fullcalendar/core": {
      "version": "4.3.1",
      "resolved": "https://registry.npmjs.org/@fullcalendar/core/-/core-4.3.1.tgz",
      "integrity": "sha512-Eh+p/wpMkWGu26f8NpfQK9ecQMoZxX/aopv+0+4/CH+Ip0paP6iEc40JYgTz7RFl0bFqV1dvwyGyUZ4+9ZeySA=="
    },
    "@fullcalendar/daygrid": {
      "version": "4.3.0",
      "resolved": "https://registry.npmjs.org/@fullcalendar/daygrid/-/daygrid-4.3.0.tgz",
      "integrity": "sha512-OrGaRIGbELESOXOCXtoQVY4cOxnxmN7OrjDGbMoVITdoXWuIZ6sFNO84WcBQoRaIbkmqVM0SAU2MENwy+eEwqQ=="
    }
  }
}
